
Microsoft Visual Studio Solution File, Format Version 12.00
Project("{FAE04EC0-301F-11D3-BF4B-00C04F79EFBC}") = "ProductsApi", "ProductsApi\ProductsApi.csproj", "{5B2BB9F7-C956-4066-A989-22F3F01EB63F}"
EndProject
Project("{FAE04EC0-301F-11D3-BF4B-00C04F79EFBC}") = "CustomerApi", "CustomerApi\CustomerApi.csproj", "{29A5220A-F1EA-4C88-B2F7-024EC152229B}"
EndProject
Project("{FAE04EC0-301F-11D3-BF4B-00C04F79EFBC}") = "Domain", "Domain\Domain.csproj", "{133FFE70-1615-47E1-BB96-74F853C0A1F9}"
EndProject
Project("{FAE04EC0-301F-11D3-BF4B-00C04F79EFBC}") = "OrderApi", "OrderApi\OrderApi.csproj", "{6A8DF80F-AB96-4602-B623-A12C7427EA10}"
EndProject
Project("{2150E333-8FDC-42A3-9474-1A3956D46DE8}") = "CQRS", "CQRS", "{3D787014-133C-4511-BB7E-1054D454A5D6}"
EndProject
Project("{FAE04EC0-301F-11D3-BF4B-00C04F79EFBC}") = "ProductQueryApi", "ProductQueryApi\ProductQueryApi.csproj", "{31086F41-49E4-4FE1-B93C-E274EE52586A}"
EndProject
Project("{FAE04EC0-301F-11D3-BF4B-00C04F79EFBC}") = "ProductCommandApi", "ProductCommandApi\ProductCommandApi.csproj", "{0A2450F7-340F-4C32-9A9F-EA0EBD3EFB1E}"
EndProject
Project("{FAE04EC0-301F-11D3-BF4B-00C04F79EFBC}") = "CustomerQueryApi", "CustomerQueryApi\CustomerQueryApi.csproj", "{4EAB6511-F8EA-4008-9698-0F50E6B5A736}"
EndProject
Project("{FAE04EC0-301F-11D3-BF4B-00C04F79EFBC}") = "CustomerCommandApi", "CustomerCommandApi\CustomerCommandApi.csproj", "{5CAF7948-9561-4CB3-8A38-E63BC4F5F698}"
EndProject
Project("{2150E333-8FDC-42A3-9474-1A3956D46DE8}") = "Domain", "Domain", "{19D1E5A0-2B19-440F-9422-FDA15261D4F8}"
EndProject
Project("{FAE04EC0-301F-11D3-BF4B-00C04F79EFBC}") = "OrderQueryApi", "OrderQueryApi\OrderQueryApi.csproj", "{2DCC2B8C-15D4-4179-AF7C-A9F87E468436}"
EndProject
Project("{FAE04EC0-301F-11D3-BF4B-00C04F79EFBC}") = "OrderCommandApi", "OrderCommandApi\OrderCommandApi.csproj", "{34D96C1D-D3D6-449A-8FA3-2D0CF544D12F}"
EndProject
Global
	GlobalSection(SolutionConfigurationPlatforms) = preSolution
		Debug|Any CPU = Debug|Any CPU
		Release|Any CPU = Release|Any CPU
	EndGlobalSection
	GlobalSection(ProjectConfigurationPlatforms) = postSolution
		{5B2BB9F7-C956-4066-A989-22F3F01EB63F}.Debug|Any CPU.ActiveCfg = Debug|Any CPU
		{5B2BB9F7-C956-4066-A989-22F3F01EB63F}.Debug|Any CPU.Build.0 = Debug|Any CPU
		{5B2BB9F7-C956-4066-A989-22F3F01EB63F}.Release|Any CPU.ActiveCfg = Release|Any CPU
		{5B2BB9F7-C956-4066-A989-22F3F01EB63F}.Release|Any CPU.Build.0 = Release|Any CPU
		{29A5220A-F1EA-4C88-B2F7-024EC152229B}.Debug|Any CPU.ActiveCfg = Debug|Any CPU
		{29A5220A-F1EA-4C88-B2F7-024EC152229B}.Debug|Any CPU.Build.0 = Debug|Any CPU
		{29A5220A-F1EA-4C88-B2F7-024EC152229B}.Release|Any CPU.ActiveCfg = Release|Any CPU
		{29A5220A-F1EA-4C88-B2F7-024EC152229B}.Release|Any CPU.Build.0 = Release|Any CPU
		{133FFE70-1615-47E1-BB96-74F853C0A1F9}.Debug|Any CPU.ActiveCfg = Debug|Any CPU
		{133FFE70-1615-47E1-BB96-74F853C0A1F9}.Debug|Any CPU.Build.0 = Debug|Any CPU
		{133FFE70-1615-47E1-BB96-74F853C0A1F9}.Release|Any CPU.ActiveCfg = Release|Any CPU
		{133FFE70-1615-47E1-BB96-74F853C0A1F9}.Release|Any CPU.Build.0 = Release|Any CPU
		{6A8DF80F-AB96-4602-B623-A12C7427EA10}.Debug|Any CPU.ActiveCfg = Debug|Any CPU
		{6A8DF80F-AB96-4602-B623-A12C7427EA10}.Debug|Any CPU.Build.0 = Debug|Any CPU
		{6A8DF80F-AB96-4602-B623-A12C7427EA10}.Release|Any CPU.ActiveCfg = Release|Any CPU
		{6A8DF80F-AB96-4602-B623-A12C7427EA10}.Release|Any CPU.Build.0 = Release|Any CPU
		{31086F41-49E4-4FE1-B93C-E274EE52586A}.Debug|Any CPU.ActiveCfg = Debug|Any CPU
		{31086F41-49E4-4FE1-B93C-E274EE52586A}.Debug|Any CPU.Build.0 = Debug|Any CPU
		{31086F41-49E4-4FE1-B93C-E274EE52586A}.Release|Any CPU.ActiveCfg = Release|Any CPU
		{31086F41-49E4-4FE1-B93C-E274EE52586A}.Release|Any CPU.Build.0 = Release|Any CPU
		{0A2450F7-340F-4C32-9A9F-EA0EBD3EFB1E}.Debug|Any CPU.ActiveCfg = Debug|Any CPU
		{0A2450F7-340F-4C32-9A9F-EA0EBD3EFB1E}.Debug|Any CPU.Build.0 = Debug|Any CPU
		{0A2450F7-340F-4C32-9A9F-EA0EBD3EFB1E}.Release|Any CPU.ActiveCfg = Release|Any CPU
		{0A2450F7-340F-4C32-9A9F-EA0EBD3EFB1E}.Release|Any CPU.Build.0 = Release|Any CPU
		{4EAB6511-F8EA-4008-9698-0F50E6B5A736}.Debug|Any CPU.ActiveCfg = Debug|Any CPU
		{4EAB6511-F8EA-4008-9698-0F50E6B5A736}.Debug|Any CPU.Build.0 = Debug|Any CPU
		{4EAB6511-F8EA-4008-9698-0F50E6B5A736}.Release|Any CPU.ActiveCfg = Release|Any CPU
		{4EAB6511-F8EA-4008-9698-0F50E6B5A736}.Release|Any CPU.Build.0 = Release|Any CPU
		{5CAF7948-9561-4CB3-8A38-E63BC4F5F698}.Debug|Any CPU.ActiveCfg = Debug|Any CPU
		{5CAF7948-9561-4CB3-8A38-E63BC4F5F698}.Debug|Any CPU.Build.0 = Debug|Any CPU
		{5CAF7948-9561-4CB3-8A38-E63BC4F5F698}.Release|Any CPU.ActiveCfg = Release|Any CPU
		{5CAF7948-9561-4CB3-8A38-E63BC4F5F698}.Release|Any CPU.Build.0 = Release|Any CPU
		{2DCC2B8C-15D4-4179-AF7C-A9F87E468436}.Debug|Any CPU.ActiveCfg = Debug|Any CPU
		{2DCC2B8C-15D4-4179-AF7C-A9F87E468436}.Debug|Any CPU.Build.0 = Debug|Any CPU
		{2DCC2B8C-15D4-4179-AF7C-A9F87E468436}.Release|Any CPU.ActiveCfg = Release|Any CPU
		{2DCC2B8C-15D4-4179-AF7C-A9F87E468436}.Release|Any CPU.Build.0 = Release|Any CPU
		{34D96C1D-D3D6-449A-8FA3-2D0CF544D12F}.Debug|Any CPU.ActiveCfg = Debug|Any CPU
		{34D96C1D-D3D6-449A-8FA3-2D0CF544D12F}.Debug|Any CPU.Build.0 = Debug|Any CPU
		{34D96C1D-D3D6-449A-8FA3-2D0CF544D12F}.Release|Any CPU.ActiveCfg = Release|Any CPU
		{34D96C1D-D3D6-449A-8FA3-2D0CF544D12F}.Release|Any CPU.Build.0 = Release|Any CPU
	EndGlobalSection
	GlobalSection(NestedProjects) = preSolution
		{31086F41-49E4-4FE1-B93C-E274EE52586A} = {3D787014-133C-4511-BB7E-1054D454A5D6}
		{0A2450F7-340F-4C32-9A9F-EA0EBD3EFB1E} = {3D787014-133C-4511-BB7E-1054D454A5D6}
		{4EAB6511-F8EA-4008-9698-0F50E6B5A736} = {3D787014-133C-4511-BB7E-1054D454A5D6}
		{5CAF7948-9561-4CB3-8A38-E63BC4F5F698} = {3D787014-133C-4511-BB7E-1054D454A5D6}
		{133FFE70-1615-47E1-BB96-74F853C0A1F9} = {19D1E5A0-2B19-440F-9422-FDA15261D4F8}
		{2DCC2B8C-15D4-4179-AF7C-A9F87E468436} = {3D787014-133C-4511-BB7E-1054D454A5D6}
		{34D96C1D-D3D6-449A-8FA3-2D0CF544D12F} = {3D787014-133C-4511-BB7E-1054D454A5D6}
	EndGlobalSection
EndGlobal
